
Microsoft Visual Studio Solution File, Format Version 12.00
# Visual Studio Version 16
VisualStudioVersion = 16.0.31729.503
MinimumVisualStudioVersion = 10.0.40219.1
Project("{FAE04EC0-301F-11D3-BF4B-00C04F79EFBC}") = "pert11", "pert11\pert11.csproj", "{6918B97A-247E-4011-A0FD-359722DD1212}"
EndProject
Global
	GlobalSection(SolutionConfigurationPlatforms) = preSolution
		Debug|Any CPU = Debug|Any CPU
		Release|Any CPU = Release|Any CPU
	EndGlobalSection
	GlobalSection(ProjectConfigurationPlatforms) = postSolution
		{6918B97A-247E-4011-A0FD-359722DD1212}.Debug|Any CPU.ActiveCfg = Debug|Any CPU
		{6918B97A-247E-4011-A0FD-359722DD1212}.Debug|Any CPU.Build.0 = Debug|Any CPU
		{6918B97A-247E-4011-A0FD-359722DD1212}.Release|Any CPU.ActiveCfg = Release|Any CPU
		{6918B97A-247E-4011-A0FD-359722DD1212}.Release|Any CPU.Build.0 = Release|Any CPU
	EndGlobalSection
	GlobalSection(SolutionProperties) = preSolution
		HideSolutionNode = FALSE
	EndGlobalSection
	GlobalSection(ExtensibilityGlobals) = postSolution
		SolutionGuid = {CE0722E0-C069-43FD-A857-8DFB15134CFB}
	EndGlobalSection
EndGlobal
